
Microsoft Visual Studio Solution File, Format Version 12.00
# Visual Studio Version 16
VisualStudioVersion = 16.0.30907.101
MinimumVisualStudioVersion = 10.0.40219.1
Project("{FAE04EC0-301F-11D3-BF4B-00C04F79EFBC}") = "Marathon", "Marathon\Marathon.csproj", "{B0EBFF6F-130C-4B1F-9342-1612EFA21204}"
EndProject
Global
	GlobalSection(SolutionConfigurationPlatforms) = preSolution
		Debug|Any CPU = Debug|Any CPU
		Release|Any CPU = Release|Any CPU
	EndGlobalSection
	GlobalSection(ProjectConfigurationPlatforms) = postSolution
		{B0EBFF6F-130C-4B1F-9342-1612EFA21204}.Debug|Any CPU.ActiveCfg = Debug|Any CPU
		{B0EBFF6F-130C-4B1F-9342-1612EFA21204}.Debug|Any CPU.Build.0 = Debug|Any CPU
		{B0EBFF6F-130C-4B1F-9342-1612EFA21204}.Release|Any CPU.ActiveCfg = Release|Any CPU
		{B0EBFF6F-130C-4B1F-9342-1612EFA21204}.Release|Any CPU.Build.0 = Release|Any CPU
	EndGlobalSection
	GlobalSection(SolutionProperties) = preSolution
		HideSolutionNode = FALSE
	EndGlobalSection
	GlobalSection(ExtensibilityGlobals) = postSolution
		SolutionGuid = {DB1731CD-0298-40FC-AE3E-98DB00DF5C98}
	EndGlobalSection
EndGlobal
